{
    "_readme": [
        "This file locks the dependencies of your project to a known state",
        "Read more about it at https://getcomposer.org/doc/01-basic-usage.md#installing-dependencies",
        "This file is @generated automatically"
    ],
    "content-hash": "4f808ac4e8a958cbc5f7561c9b2cfdd8",
    "packages": [
        {
            "name": "spomky-labs/aes-key-wrap",
            "version": "dev-master",
            "source": {
                "type": "git",
                "url": "https://github.com/Spomky-Labs/aes-key-wrap.git",
                "reference": "fbeb834b1f83aa8fbdfbd4c12124f71d4c1606ae"
            },
            "dist": {
                "type": "zip",
                "url": "https://api.github.com/repos/Spomky-Labs/aes-key-wrap/zipball/fbeb834b1f83aa8fbdfbd4c12124f71d4c1606ae",
                "reference": "fbeb834b1f83aa8fbdfbd4c12124f71d4c1606ae",
                "shasum": ""
            },
            "require": {
                "ext-mbstring": "*",
                "ext-openssl": "*",
                "php": ">=8.0"
            },
            "require-dev": {
                "infection/infection": "^0.25.4",
                "phpstan/extension-installer": "^1.1",
                "phpstan/phpstan": "^1.0",
                "phpstan/phpstan-beberlei-assert": "^1.0",
                "phpstan/phpstan-deprecation-rules": "^1.0",
                "phpstan/phpstan-phpunit": "^1.0",
                "phpstan/phpstan-strict-rules": "^1.0",
                "phpunit/phpunit": "^9.0",
                "rector/rector": "^0.12.5",
                "symplify/easy-coding-standard": "^10.0"
            },
            "default-branch": true,
            "type": "library",
            "autoload": {
                "psr-4": {
                    "AESKW\\": "src/"
                }
            },
            "notification-url": "https://packagist.org/downloads/",
            "license": [
                "MIT"
            ],
            "authors": [
                {
                    "name": "Florent Morselli",
                    "homepage": "https://github.com/Spomky-Labs/aes-key-wrap/contributors"
                }
            ],
            "description": "AES Key Wrap for PHP.",
            "homepage": "https://github.com/Spomky-Labs/aes-key-wrap",
            "keywords": [
                "A128KW",
                "A192KW",
                "A256KW",
                "RFC3394",
                "RFC5649",
                "aes",
                "key",
                "padding",
                "wrap"
            ],
            "support": {
                "issues": "https://github.com/Spomky-Labs/aes-key-wrap/issues",
                "source": "https://github.com/Spomky-Labs/aes-key-wrap/tree/v7.0.0"
            },
            "funding": [
                {
                    "url": "https://github.com/Spomky",
                    "type": "github"
                },
                {
                    "url": "https://www.patreon.com/FlorentMorselli",
                    "type": "patreon"
                }
            ],
            "time": "2021-12-08T20:36:59+00:00"
        }
    ],
    "packages-dev": [],
    "aliases": [],
    "minimum-stability": "dev",
    "stability-flags": {
        "spomky-labs/aes-key-wrap": 20
    },
    "prefer-stable": false,
    "prefer-lowest": false,
    "platform": {
        "php": ">=8.4"
    },
    "platform-dev": {},
    "plugin-api-version": "2.6.0"
}
